
Microsoft Visual Studio Solution File, Format Version 12.00
# Visual Studio 15
VisualStudioVersion = 15.0.28307.271
MinimumVisualStudioVersion = 10.0.40219.1
Project("{9A19103F-16F7-4668-BE54-9A1E7A4F7556}") = "Snap", "Snap\Snap.csproj", "{4D87A673-63F1-4872-8BC6-A00866460FB7}"
EndProject
Project("{9A19103F-16F7-4668-BE54-9A1E7A4F7556}") = "Snapx", "Snapx\Snapx.csproj", "{01CE9C1B-1EFB-4469-8C2C-020B785F3465}"
EndProject
Project("{2150E333-8FDC-42A3-9474-1A3956D46DE8}") = "tests", "tests", "{543B57A3-A18F-48A6-950B-7849A45FEC93}"
EndProject
Project("{9A19103F-16F7-4668-BE54-9A1E7A4F7556}") = "Snap.Tests", "Snap.Tests\Snap.Tests.csproj", "{4F05300A-9D3D-4262-A4FC-40D5876B7A8C}"
EndProject
Project("{9A19103F-16F7-4668-BE54-9A1E7A4F7556}") = "Snap.NetCoreApp.Tests", "Snap.NetCoreApp.Tests\Snap.NetCoreApp.Tests.csproj", "{29327A7C-6BE4-4F17-9CE4-9B4CCADBD970}"
EndProject
Project("{9A19103F-16F7-4668-BE54-9A1E7A4F7556}") = "Snap.Shared.Tests", "Snap.Shared.Tests\Snap.Shared.Tests.csproj", "{17505CF3-7001-415C-B08B-86B642893717}"
EndProject
Project("{9A19103F-16F7-4668-BE54-9A1E7A4F7556}") = "Snapx.Tests", "Snapx.Tests\Snapx.Tests.csproj", "{EA56F532-68B6-47CE-819E-D18580ED9213}"
EndProject
Global
	GlobalSection(SolutionConfigurationPlatforms) = preSolution
		CIBuild|Any CPU = CIBuild|Any CPU
		Debug|Any CPU = Debug|Any CPU
		Release|Any CPU = Release|Any CPU
	EndGlobalSection
	GlobalSection(ProjectConfigurationPlatforms) = postSolution
		{4D87A673-63F1-4872-8BC6-A00866460FB7}.CIBuild|Any CPU.ActiveCfg = Debug|Any CPU
		{4D87A673-63F1-4872-8BC6-A00866460FB7}.CIBuild|Any CPU.Build.0 = Debug|Any CPU
		{4D87A673-63F1-4872-8BC6-A00866460FB7}.Debug|Any CPU.ActiveCfg = Debug|Any CPU
		{4D87A673-63F1-4872-8BC6-A00866460FB7}.Debug|Any CPU.Build.0 = Debug|Any CPU
		{4D87A673-63F1-4872-8BC6-A00866460FB7}.Release|Any CPU.ActiveCfg = Release|Any CPU
		{4D87A673-63F1-4872-8BC6-A00866460FB7}.Release|Any CPU.Build.0 = Release|Any CPU
		{01CE9C1B-1EFB-4469-8C2C-020B785F3465}.CIBuild|Any CPU.ActiveCfg = Debug|Any CPU
		{01CE9C1B-1EFB-4469-8C2C-020B785F3465}.CIBuild|Any CPU.Build.0 = Debug|Any CPU
		{01CE9C1B-1EFB-4469-8C2C-020B785F3465}.Debug|Any CPU.ActiveCfg = Debug|Any CPU
		{01CE9C1B-1EFB-4469-8C2C-020B785F3465}.Debug|Any CPU.Build.0 = Debug|Any CPU
		{01CE9C1B-1EFB-4469-8C2C-020B785F3465}.Release|Any CPU.ActiveCfg = Release|Any CPU
		{01CE9C1B-1EFB-4469-8C2C-020B785F3465}.Release|Any CPU.Build.0 = Release|Any CPU
		{4F05300A-9D3D-4262-A4FC-40D5876B7A8C}.CIBuild|Any CPU.ActiveCfg = Debug|Any CPU
		{4F05300A-9D3D-4262-A4FC-40D5876B7A8C}.CIBuild|Any CPU.Build.0 = Debug|Any CPU
		{4F05300A-9D3D-4262-A4FC-40D5876B7A8C}.Debug|Any CPU.ActiveCfg = Debug|Any CPU
		{4F05300A-9D3D-4262-A4FC-40D5876B7A8C}.Debug|Any CPU.Build.0 = Debug|Any CPU
		{4F05300A-9D3D-4262-A4FC-40D5876B7A8C}.Release|Any CPU.ActiveCfg = Release|Any CPU
		{4F05300A-9D3D-4262-A4FC-40D5876B7A8C}.Release|Any CPU.Build.0 = Release|Any CPU
		{29327A7C-6BE4-4F17-9CE4-9B4CCADBD970}.CIBuild|Any CPU.ActiveCfg = Debug|Any CPU
		{29327A7C-6BE4-4F17-9CE4-9B4CCADBD970}.CIBuild|Any CPU.Build.0 = Debug|Any CPU
		{29327A7C-6BE4-4F17-9CE4-9B4CCADBD970}.Debug|Any CPU.ActiveCfg = Debug|Any CPU
		{29327A7C-6BE4-4F17-9CE4-9B4CCADBD970}.Debug|Any CPU.Build.0 = Debug|Any CPU
		{29327A7C-6BE4-4F17-9CE4-9B4CCADBD970}.Release|Any CPU.ActiveCfg = Release|Any CPU
		{29327A7C-6BE4-4F17-9CE4-9B4CCADBD970}.Release|Any CPU.Build.0 = Release|Any CPU
		{17505CF3-7001-415C-B08B-86B642893717}.CIBuild|Any CPU.ActiveCfg = Debug|Any CPU
		{17505CF3-7001-415C-B08B-86B642893717}.CIBuild|Any CPU.Build.0 = Debug|Any CPU
		{17505CF3-7001-415C-B08B-86B642893717}.Debug|Any CPU.ActiveCfg = Debug|Any CPU
		{17505CF3-7001-415C-B08B-86B642893717}.Debug|Any CPU.Build.0 = Debug|Any CPU
		{17505CF3-7001-415C-B08B-86B642893717}.Release|Any CPU.ActiveCfg = Release|Any CPU
		{17505CF3-7001-415C-B08B-86B642893717}.Release|Any CPU.Build.0 = Release|Any CPU
		{EA56F532-68B6-47CE-819E-D18580ED9213}.CIBuild|Any CPU.ActiveCfg = Debug|Any CPU
		{EA56F532-68B6-47CE-819E-D18580ED9213}.CIBuild|Any CPU.Build.0 = Debug|Any CPU
		{EA56F532-68B6-47CE-819E-D18580ED9213}.Debug|Any CPU.ActiveCfg = Debug|Any CPU
		{EA56F532-68B6-47CE-819E-D18580ED9213}.Debug|Any CPU.Build.0 = Debug|Any CPU
		{EA56F532-68B6-47CE-819E-D18580ED9213}.Release|Any CPU.ActiveCfg = Release|Any CPU
		{EA56F532-68B6-47CE-819E-D18580ED9213}.Release|Any CPU.Build.0 = Release|Any CPU
	EndGlobalSection
	GlobalSection(SolutionProperties) = preSolution
		HideSolutionNode = FALSE
	EndGlobalSection
	GlobalSection(NestedProjects) = preSolution
		{4F05300A-9D3D-4262-A4FC-40D5876B7A8C} = {543B57A3-A18F-48A6-950B-7849A45FEC93}
		{29327A7C-6BE4-4F17-9CE4-9B4CCADBD970} = {543B57A3-A18F-48A6-950B-7849A45FEC93}
		{17505CF3-7001-415C-B08B-86B642893717} = {543B57A3-A18F-48A6-950B-7849A45FEC93}
		{EA56F532-68B6-47CE-819E-D18580ED9213} = {543B57A3-A18F-48A6-950B-7849A45FEC93}
	EndGlobalSection
	GlobalSection(ExtensibilityGlobals) = postSolution
		SolutionGuid = {16A54F8D-2909-4DF2-AD57-172371EB1B7D}
	EndGlobalSection
EndGlobal
