
Microsoft Visual Studio Solution File, Format Version 12.00
# Visual Studio 15
VisualStudioVersion = 15.0.28307.271
MinimumVisualStudioVersion = 10.0.40219.1
Project("{9A19103F-16F7-4668-BE54-9A1E7A4F7556}") = "Snap", "Snap\Snap.csproj", "{4D87A673-63F1-4872-8BC6-A00866460FB7}"
EndProject
Project("{9A19103F-16F7-4668-BE54-9A1E7A4F7556}") = "Snap.Tool", "Snap.Tool\Snap.Tool.csproj", "{01CE9C1B-1EFB-4469-8C2C-020B785F3465}"
EndProject
Project("{2150E333-8FDC-42A3-9474-1A3956D46DE8}") = "tests", "tests", "{543B57A3-A18F-48A6-950B-7849A45FEC93}"
EndProject
Project("{9A19103F-16F7-4668-BE54-9A1E7A4F7556}") = "Snap.Tests", "Snap.Tests\Snap.Tests.csproj", "{4F05300A-9D3D-4262-A4FC-40D5876B7A8C}"
EndProject
Project("{9A19103F-16F7-4668-BE54-9A1E7A4F7556}") = "Snap.Update", "Snap.Update\Snap.Update.csproj", "{06A5BB01-62E6-45BE-AB30-770A9021C47B}"
EndProject
Global
	GlobalSection(SolutionConfigurationPlatforms) = preSolution
		CIBuild|Any CPU = CIBuild|Any CPU
		CIBuild|x64 = CIBuild|x64
		CIBuild|x86 = CIBuild|x86
		Debug|Any CPU = Debug|Any CPU
		Debug|x64 = Debug|x64
		Debug|x86 = Debug|x86
		Release|Any CPU = Release|Any CPU
		Release|x64 = Release|x64
		Release|x86 = Release|x86
	EndGlobalSection
	GlobalSection(ProjectConfigurationPlatforms) = postSolution
		{4D87A673-63F1-4872-8BC6-A00866460FB7}.CIBuild|Any CPU.ActiveCfg = Debug|Any CPU
		{4D87A673-63F1-4872-8BC6-A00866460FB7}.CIBuild|Any CPU.Build.0 = Debug|Any CPU
		{4D87A673-63F1-4872-8BC6-A00866460FB7}.CIBuild|x64.ActiveCfg = Release|Any CPU
		{4D87A673-63F1-4872-8BC6-A00866460FB7}.CIBuild|x64.Build.0 = Release|Any CPU
		{4D87A673-63F1-4872-8BC6-A00866460FB7}.CIBuild|x86.ActiveCfg = Debug|Any CPU
		{4D87A673-63F1-4872-8BC6-A00866460FB7}.CIBuild|x86.Build.0 = Debug|Any CPU
		{4D87A673-63F1-4872-8BC6-A00866460FB7}.Debug|Any CPU.ActiveCfg = Debug|Any CPU
		{4D87A673-63F1-4872-8BC6-A00866460FB7}.Debug|Any CPU.Build.0 = Debug|Any CPU
		{4D87A673-63F1-4872-8BC6-A00866460FB7}.Debug|x64.ActiveCfg = Debug|Any CPU
		{4D87A673-63F1-4872-8BC6-A00866460FB7}.Debug|x64.Build.0 = Debug|Any CPU
		{4D87A673-63F1-4872-8BC6-A00866460FB7}.Debug|x86.ActiveCfg = Debug|Any CPU
		{4D87A673-63F1-4872-8BC6-A00866460FB7}.Debug|x86.Build.0 = Debug|Any CPU
		{4D87A673-63F1-4872-8BC6-A00866460FB7}.Release|Any CPU.ActiveCfg = Release|Any CPU
		{4D87A673-63F1-4872-8BC6-A00866460FB7}.Release|Any CPU.Build.0 = Release|Any CPU
		{4D87A673-63F1-4872-8BC6-A00866460FB7}.Release|x64.ActiveCfg = Release|Any CPU
		{4D87A673-63F1-4872-8BC6-A00866460FB7}.Release|x64.Build.0 = Release|Any CPU
		{4D87A673-63F1-4872-8BC6-A00866460FB7}.Release|x86.ActiveCfg = Release|Any CPU
		{4D87A673-63F1-4872-8BC6-A00866460FB7}.Release|x86.Build.0 = Release|Any CPU
		{01CE9C1B-1EFB-4469-8C2C-020B785F3465}.CIBuild|Any CPU.ActiveCfg = Debug|Any CPU
		{01CE9C1B-1EFB-4469-8C2C-020B785F3465}.CIBuild|Any CPU.Build.0 = Debug|Any CPU
		{01CE9C1B-1EFB-4469-8C2C-020B785F3465}.CIBuild|x64.ActiveCfg = Release|Any CPU
		{01CE9C1B-1EFB-4469-8C2C-020B785F3465}.CIBuild|x64.Build.0 = Release|Any CPU
		{01CE9C1B-1EFB-4469-8C2C-020B785F3465}.CIBuild|x86.ActiveCfg = Debug|Any CPU
		{01CE9C1B-1EFB-4469-8C2C-020B785F3465}.CIBuild|x86.Build.0 = Debug|Any CPU
		{01CE9C1B-1EFB-4469-8C2C-020B785F3465}.Debug|Any CPU.ActiveCfg = Debug|Any CPU
		{01CE9C1B-1EFB-4469-8C2C-020B785F3465}.Debug|Any CPU.Build.0 = Debug|Any CPU
		{01CE9C1B-1EFB-4469-8C2C-020B785F3465}.Debug|x64.ActiveCfg = Debug|Any CPU
		{01CE9C1B-1EFB-4469-8C2C-020B785F3465}.Debug|x64.Build.0 = Debug|Any CPU
		{01CE9C1B-1EFB-4469-8C2C-020B785F3465}.Debug|x86.ActiveCfg = Debug|Any CPU
		{01CE9C1B-1EFB-4469-8C2C-020B785F3465}.Debug|x86.Build.0 = Debug|Any CPU
		{01CE9C1B-1EFB-4469-8C2C-020B785F3465}.Release|Any CPU.ActiveCfg = Release|Any CPU
		{01CE9C1B-1EFB-4469-8C2C-020B785F3465}.Release|Any CPU.Build.0 = Release|Any CPU
		{01CE9C1B-1EFB-4469-8C2C-020B785F3465}.Release|x64.ActiveCfg = Release|Any CPU
		{01CE9C1B-1EFB-4469-8C2C-020B785F3465}.Release|x64.Build.0 = Release|Any CPU
		{01CE9C1B-1EFB-4469-8C2C-020B785F3465}.Release|x86.ActiveCfg = Release|Any CPU
		{01CE9C1B-1EFB-4469-8C2C-020B785F3465}.Release|x86.Build.0 = Release|Any CPU
		{4F05300A-9D3D-4262-A4FC-40D5876B7A8C}.CIBuild|Any CPU.ActiveCfg = Debug|Any CPU
		{4F05300A-9D3D-4262-A4FC-40D5876B7A8C}.CIBuild|Any CPU.Build.0 = Debug|Any CPU
		{4F05300A-9D3D-4262-A4FC-40D5876B7A8C}.CIBuild|x64.ActiveCfg = Release|Any CPU
		{4F05300A-9D3D-4262-A4FC-40D5876B7A8C}.CIBuild|x64.Build.0 = Release|Any CPU
		{4F05300A-9D3D-4262-A4FC-40D5876B7A8C}.CIBuild|x86.ActiveCfg = Debug|Any CPU
		{4F05300A-9D3D-4262-A4FC-40D5876B7A8C}.CIBuild|x86.Build.0 = Debug|Any CPU
		{4F05300A-9D3D-4262-A4FC-40D5876B7A8C}.Debug|Any CPU.ActiveCfg = Debug|Any CPU
		{4F05300A-9D3D-4262-A4FC-40D5876B7A8C}.Debug|Any CPU.Build.0 = Debug|Any CPU
		{4F05300A-9D3D-4262-A4FC-40D5876B7A8C}.Debug|x64.ActiveCfg = Debug|Any CPU
		{4F05300A-9D3D-4262-A4FC-40D5876B7A8C}.Debug|x64.Build.0 = Debug|Any CPU
		{4F05300A-9D3D-4262-A4FC-40D5876B7A8C}.Debug|x86.ActiveCfg = Debug|Any CPU
		{4F05300A-9D3D-4262-A4FC-40D5876B7A8C}.Debug|x86.Build.0 = Debug|Any CPU
		{4F05300A-9D3D-4262-A4FC-40D5876B7A8C}.Release|Any CPU.ActiveCfg = Release|Any CPU
		{4F05300A-9D3D-4262-A4FC-40D5876B7A8C}.Release|Any CPU.Build.0 = Release|Any CPU
		{4F05300A-9D3D-4262-A4FC-40D5876B7A8C}.Release|x64.ActiveCfg = Release|Any CPU
		{4F05300A-9D3D-4262-A4FC-40D5876B7A8C}.Release|x64.Build.0 = Release|Any CPU
		{4F05300A-9D3D-4262-A4FC-40D5876B7A8C}.Release|x86.ActiveCfg = Release|Any CPU
		{4F05300A-9D3D-4262-A4FC-40D5876B7A8C}.Release|x86.Build.0 = Release|Any CPU
		{06A5BB01-62E6-45BE-AB30-770A9021C47B}.CIBuild|Any CPU.ActiveCfg = Debug|Any CPU
		{06A5BB01-62E6-45BE-AB30-770A9021C47B}.CIBuild|Any CPU.Build.0 = Debug|Any CPU
		{06A5BB01-62E6-45BE-AB30-770A9021C47B}.CIBuild|x64.ActiveCfg = Debug|Any CPU
		{06A5BB01-62E6-45BE-AB30-770A9021C47B}.CIBuild|x64.Build.0 = Debug|Any CPU
		{06A5BB01-62E6-45BE-AB30-770A9021C47B}.CIBuild|x86.ActiveCfg = Debug|Any CPU
		{06A5BB01-62E6-45BE-AB30-770A9021C47B}.CIBuild|x86.Build.0 = Debug|Any CPU
		{06A5BB01-62E6-45BE-AB30-770A9021C47B}.Debug|Any CPU.ActiveCfg = Debug|Any CPU
		{06A5BB01-62E6-45BE-AB30-770A9021C47B}.Debug|Any CPU.Build.0 = Debug|Any CPU
		{06A5BB01-62E6-45BE-AB30-770A9021C47B}.Debug|x64.ActiveCfg = Debug|Any CPU
		{06A5BB01-62E6-45BE-AB30-770A9021C47B}.Debug|x64.Build.0 = Debug|Any CPU
		{06A5BB01-62E6-45BE-AB30-770A9021C47B}.Debug|x86.ActiveCfg = Debug|Any CPU
		{06A5BB01-62E6-45BE-AB30-770A9021C47B}.Debug|x86.Build.0 = Debug|Any CPU
		{06A5BB01-62E6-45BE-AB30-770A9021C47B}.Release|Any CPU.ActiveCfg = Release|Any CPU
		{06A5BB01-62E6-45BE-AB30-770A9021C47B}.Release|Any CPU.Build.0 = Release|Any CPU
		{06A5BB01-62E6-45BE-AB30-770A9021C47B}.Release|x64.ActiveCfg = Release|Any CPU
		{06A5BB01-62E6-45BE-AB30-770A9021C47B}.Release|x64.Build.0 = Release|Any CPU
		{06A5BB01-62E6-45BE-AB30-770A9021C47B}.Release|x86.ActiveCfg = Release|Any CPU
		{06A5BB01-62E6-45BE-AB30-770A9021C47B}.Release|x86.Build.0 = Release|Any CPU
	EndGlobalSection
	GlobalSection(SolutionProperties) = preSolution
		HideSolutionNode = FALSE
	EndGlobalSection
	GlobalSection(NestedProjects) = preSolution
		{4F05300A-9D3D-4262-A4FC-40D5876B7A8C} = {543B57A3-A18F-48A6-950B-7849A45FEC93}
	EndGlobalSection
	GlobalSection(ExtensibilityGlobals) = postSolution
		SolutionGuid = {16A54F8D-2909-4DF2-AD57-172371EB1B7D}
	EndGlobalSection
EndGlobal
