<?xml version="1.0" encoding="utf-8"?>
<Solution>
  <Folder Name="/">
    <Project Path="Snap\Snap.csproj" />
    <Project Path="Snapx\Snapx.csproj" />
    <Project Path="Snap.Installer\Snap.Installer.csproj" />
  </Folder>
  <Folder Name="tests">
    <Project Path="Snap.Tests\Snap.Tests.csproj" />
    <Project Path="Snap.Shared.Tests\Snap.Shared.Tests.csproj" />
    <Project Path="Snapx.Tests\Snapx.Tests.csproj" />
    <Project Path="Snap.Installer.Tests\Snap.Installer.Tests.csproj" />
  </Folder>
  <Folder Name="Solution Items">
    <File Path="Directory.Build.props" />
    <File Path="..\docker\Dockerfile" />
    <File Path="Directory.Packages.props" />
    <File Path="..\nuget.config" />
  </Folder>
</Solution>
